// !$*UTF8*$!
{
	archiveVersion = 1;
	classes = {
	};
	objectVersion = 63;
	objects = {

/* Begin PBXBuildFile section */
		8E16B1812BC11BEA0046D86E /* AppDelegate.swift in Sources */ = {isa = PBXBuildFile; fileRef = 8E16B1802BC11BEA0046D86E /* AppDelegate.swift */; };
		8E16B1832BC11BEA0046D86E /* SceneDelegate.swift in Sources */ = {isa = PBXBuildFile; fileRef = 8E16B1822BC11BEA0046D86E /* SceneDelegate.swift */; };
		8E16B1882BC11BEA0046D86E /* Base in Resources */ = {isa = PBXBuildFile; fileRef = 8E16B1872BC11BEA0046D86E /* Base */; };
		8E16B18A2BC11BEB0046D86E /* Assets.xcassets in Resources */ = {isa = PBXBuildFile; fileRef = 8E16B1892BC11BEB0046D86E /* Assets.xcassets */; };
		8E16B18D2BC11BEB0046D86E /* Base in Resources */ = {isa = PBXBuildFile; fileRef = 8E16B18C2BC11BEB0046D86E /* Base */; };
		8E16B1992BC11C3B0046D86E /* BaseTableViewCell.swift in Sources */ = {isa = PBXBuildFile; fileRef = 8E16B1942BC11C3B0046D86E /* BaseTableViewCell.swift */; };
		8E16B19A2BC11C3B0046D86E /* BaseView.swift in Sources */ = {isa = PBXBuildFile; fileRef = 8E16B1952BC11C3B0046D86E /* BaseView.swift */; };
		8E16B19B2BC11C3B0046D86E /* BaseViewController.swift in Sources */ = {isa = PBXBuildFile; fileRef = 8E16B1962BC11C3B0046D86E /* BaseViewController.swift */; };
		8E16B19C2BC11C3B0046D86E /* CommonViewModel.swift in Sources */ = {isa = PBXBuildFile; fileRef = 8E16B1972BC11C3B0046D86E /* CommonViewModel.swift */; };
		8E16B1A22BC11C4B0046D86E /* Identifier.swift in Sources */ = {isa = PBXBuildFile; fileRef = 8E16B19D2BC11C4B0046D86E /* Identifier.swift */; };
		8E16B1A32BC11C4B0046D86E /* UITextField+.swift in Sources */ = {isa = PBXBuildFile; fileRef = 8E16B19E2BC11C4B0046D86E /* UITextField+.swift */; };
		8E16B1A42BC11C4B0046D86E /* UIViewController+.swift in Sources */ = {isa = PBXBuildFile; fileRef = 8E16B19F2BC11C4B0046D86E /* UIViewController+.swift */; };
		8E16B1AE2BC11CEA0046D86E /* TabBarController.swift in Sources */ = {isa = PBXBuildFile; fileRef = 8E16B1AD2BC11CEA0046D86E /* TabBarController.swift */; };
		8E16B1B22BC11F790046D86E /* SearchViewController.swift in Sources */ = {isa = PBXBuildFile; fileRef = 8E16B1B12BC11F790046D86E /* SearchViewController.swift */; };
		8E16B1B52BC11F9E0046D86E /* Then in Frameworks */ = {isa = PBXBuildFile; productRef = 8E16B1B42BC11F9E0046D86E /* Then */; };
		8E16B1B82BC11FAB0046D86E /* SnapKit in Frameworks */ = {isa = PBXBuildFile; productRef = 8E16B1B72BC11FAB0046D86E /* SnapKit */; };
		8E16B1BB2BC11FCF0046D86E /* RxCocoa in Frameworks */ = {isa = PBXBuildFile; productRef = 8E16B1BA2BC11FCF0046D86E /* RxCocoa */; };
		8E16B1BD2BC11FCF0046D86E /* RxRelay in Frameworks */ = {isa = PBXBuildFile; productRef = 8E16B1BC2BC11FCF0046D86E /* RxRelay */; };
		8E16B1BF2BC11FCF0046D86E /* RxSwift in Frameworks */ = {isa = PBXBuildFile; productRef = 8E16B1BE2BC11FCF0046D86E /* RxSwift */; };
		8E16B1C22BC11FDC0046D86E /* Kingfisher in Frameworks */ = {isa = PBXBuildFile; productRef = 8E16B1C12BC11FDC0046D86E /* Kingfisher */; };
		8E16B1C42BC120470046D86E /* SearchView.swift in Sources */ = {isa = PBXBuildFile; fileRef = 8E16B1C32BC120470046D86E /* SearchView.swift */; };
		8E16B1C62BC120560046D86E /* SearchViewModel.swift in Sources */ = {isa = PBXBuildFile; fileRef = 8E16B1C52BC120560046D86E /* SearchViewModel.swift */; };
		8E16B1CB2BC1316A0046D86E /* App.swift in Sources */ = {isa = PBXBuildFile; fileRef = 8E16B1CA2BC1316A0046D86E /* App.swift */; };
		8E16B1CE2BC1366A0046D86E /* DetailSearchView.swift in Sources */ = {isa = PBXBuildFile; fileRef = 8E16B1CD2BC1366A0046D86E /* DetailSearchView.swift */; };
		8E16B1D02BC136730046D86E /* DetailSearchViewController.swift in Sources */ = {isa = PBXBuildFile; fileRef = 8E16B1CF2BC136730046D86E /* DetailSearchViewController.swift */; };
		8E16B1D22BC1367A0046D86E /* DetailSearchViewModel.swift in Sources */ = {isa = PBXBuildFile; fileRef = 8E16B1D12BC1367A0046D86E /* DetailSearchViewModel.swift */; };
		8E16B1D72BC142280046D86E /* SearchAPIManager.swift in Sources */ = {isa = PBXBuildFile; fileRef = 8E16B1D62BC142280046D86E /* SearchAPIManager.swift */; };
		8E16B1D92BC142EE0046D86E /* SearchAPI.swift in Sources */ = {isa = PBXBuildFile; fileRef = 8E16B1D82BC142EE0046D86E /* SearchAPI.swift */; };
		8E16B1DB2BC158BC0046D86E /* SearchTableViewCell.swift in Sources */ = {isa = PBXBuildFile; fileRef = 8E16B1DA2BC158BC0046D86E /* SearchTableViewCell.swift */; };
		8E16B1DE2BC17D6C0046D86E /* Alamofire in Frameworks */ = {isa = PBXBuildFile; productRef = 8E16B1DD2BC17D6C0046D86E /* Alamofire */; };
		8E16B1EA2BC2754A0046D86E /* CornerRadius.swift in Sources */ = {isa = PBXBuildFile; fileRef = 8E16B1E92BC2754A0046D86E /* CornerRadius.swift */; };
		8E16B1EC2BC276480046D86E /* CornerRadiusImageView.swift in Sources */ = {isa = PBXBuildFile; fileRef = 8E16B1EB2BC276480046D86E /* CornerRadiusImageView.swift */; };
		8E16B1EF2BC279200046D86E /* Double+.swift in Sources */ = {isa = PBXBuildFile; fileRef = 8E16B1EE2BC279200046D86E /* Double+.swift */; };
		8E16B1F12BC29C260046D86E /* DetailSearchCollectionViewCell.swift in Sources */ = {isa = PBXBuildFile; fileRef = 8E16B1F02BC29C260046D86E /* DetailSearchCollectionViewCell.swift */; };
		8E16B1F32BC29C470046D86E /* BaseCollectionViewCell.swift in Sources */ = {isa = PBXBuildFile; fileRef = 8E16B1F22BC29C470046D86E /* BaseCollectionViewCell.swift */; };
		8E16B1F52BC2D82A0046D86E /* RecentTableViewCell.swift in Sources */ = {isa = PBXBuildFile; fileRef = 8E16B1F42BC2D82A0046D86E /* RecentTableViewCell.swift */; };
		8E16B1F82BC2D9F50046D86E /* UserDefaultsManager.swift in Sources */ = {isa = PBXBuildFile; fileRef = 8E16B1F72BC2D9F50046D86E /* UserDefaultsManager.swift */; };
		8E16B2152BC412890046D86E /* StorageApp.swift in Sources */ = {isa = PBXBuildFile; fileRef = 8E16B2142BC412890046D86E /* StorageApp.swift */; };
		8E16B2192BC4168B0046D86E /* AppInfoRepository.swift in Sources */ = {isa = PBXBuildFile; fileRef = 8E16B2182BC4168B0046D86E /* AppInfoRepository.swift */; };
		8E16B2212BC421190046D86E /* Realm in Frameworks */ = {isa = PBXBuildFile; productRef = 8E16B2202BC421190046D86E /* Realm */; };
		8E16B2232BC421190046D86E /* RealmSwift in Frameworks */ = {isa = PBXBuildFile; productRef = 8E16B2222BC421190046D86E /* RealmSwift */; };
		8E16B2262BC421820046D86E /* StorageView.swift in Sources */ = {isa = PBXBuildFile; fileRef = 8E16B2252BC421820046D86E /* StorageView.swift */; };
		8E16B2282BC421890046D86E /* StorageViewController.swift in Sources */ = {isa = PBXBuildFile; fileRef = 8E16B2272BC421890046D86E /* StorageViewController.swift */; };
		8E16B22A2BC421900046D86E /* StorageViewModel.swift in Sources */ = {isa = PBXBuildFile; fileRef = 8E16B2292BC421900046D86E /* StorageViewModel.swift */; };
		8E16B22C2BC436320046D86E /* CustomTableView.swift in Sources */ = {isa = PBXBuildFile; fileRef = 8E16B22B2BC436320046D86E /* CustomTableView.swift */; };
		8E16B22E2BC436990046D86E /* StorageTableViewCell.swift in Sources */ = {isa = PBXBuildFile; fileRef = 8E16B22D2BC436990046D86E /* StorageTableViewCell.swift */; };
		8E16B2302BC442250046D86E /* DateManager.swift in Sources */ = {isa = PBXBuildFile; fileRef = 8E16B22F2BC442250046D86E /* DateManager.swift */; };
/* End PBXBuildFile section */

/* Begin PBXFileReference section */
		8E16B17D2BC11BEA0046D86E /* iTunes.app */ = {isa = PBXFileReference; explicitFileType = wrapper.application; includeInIndex = 0; path = iTunes.app; sourceTree = BUILT_PRODUCTS_DIR; };
		8E16B1802BC11BEA0046D86E /* AppDelegate.swift */ = {isa = PBXFileReference; lastKnownFileType = sourcecode.swift; path = AppDelegate.swift; sourceTree = "<group>"; };
		8E16B1822BC11BEA0046D86E /* SceneDelegate.swift */ = {isa = PBXFileReference; lastKnownFileType = sourcecode.swift; path = SceneDelegate.swift; sourceTree = "<group>"; };
		8E16B1872BC11BEA0046D86E /* Base */ = {isa = PBXFileReference; lastKnownFileType = file.storyboard; name = Base; path = Base.lproj/Main.storyboard; sourceTree = "<group>"; };
		8E16B1892BC11BEB0046D86E /* Assets.xcassets */ = {isa = PBXFileReference; lastKnownFileType = folder.assetcatalog; path = Assets.xcassets; sourceTree = "<group>"; };
		8E16B18C2BC11BEB0046D86E /* Base */ = {isa = PBXFileReference; lastKnownFileType = file.storyboard; name = Base; path = Base.lproj/LaunchScreen.storyboard; sourceTree = "<group>"; };
		8E16B18E2BC11BEB0046D86E /* Info.plist */ = {isa = PBXFileReference; lastKnownFileType = text.plist.xml; path = Info.plist; sourceTree = "<group>"; };
		8E16B1942BC11C3B0046D86E /* BaseTableViewCell.swift */ = {isa = PBXFileReference; fileEncoding = 4; lastKnownFileType = sourcecode.swift; path = BaseTableViewCell.swift; sourceTree = "<group>"; };
		8E16B1952BC11C3B0046D86E /* BaseView.swift */ = {isa = PBXFileReference; fileEncoding = 4; lastKnownFileType = sourcecode.swift; path = BaseView.swift; sourceTree = "<group>"; };
		8E16B1962BC11C3B0046D86E /* BaseViewController.swift */ = {isa = PBXFileReference; fileEncoding = 4; lastKnownFileType = sourcecode.swift; path = BaseViewController.swift; sourceTree = "<group>"; };
		8E16B1972BC11C3B0046D86E /* CommonViewModel.swift */ = {isa = PBXFileReference; fileEncoding = 4; lastKnownFileType = sourcecode.swift; path = CommonViewModel.swift; sourceTree = "<group>"; };
		8E16B19D2BC11C4B0046D86E /* Identifier.swift */ = {isa = PBXFileReference; fileEncoding = 4; lastKnownFileType = sourcecode.swift; path = Identifier.swift; sourceTree = "<group>"; };
		8E16B19E2BC11C4B0046D86E /* UITextField+.swift */ = {isa = PBXFileReference; fileEncoding = 4; lastKnownFileType = sourcecode.swift; path = "UITextField+.swift"; sourceTree = "<group>"; };
		8E16B19F2BC11C4B0046D86E /* UIViewController+.swift */ = {isa = PBXFileReference; fileEncoding = 4; lastKnownFileType = sourcecode.swift; path = "UIViewController+.swift"; sourceTree = "<group>"; };
		8E16B1AD2BC11CEA0046D86E /* TabBarController.swift */ = {isa = PBXFileReference; fileEncoding = 4; lastKnownFileType = sourcecode.swift; path = TabBarController.swift; sourceTree = "<group>"; };
		8E16B1B12BC11F790046D86E /* SearchViewController.swift */ = {isa = PBXFileReference; lastKnownFileType = sourcecode.swift; path = SearchViewController.swift; sourceTree = "<group>"; };
		8E16B1C32BC120470046D86E /* SearchView.swift */ = {isa = PBXFileReference; lastKnownFileType = sourcecode.swift; path = SearchView.swift; sourceTree = "<group>"; };
		8E16B1C52BC120560046D86E /* SearchViewModel.swift */ = {isa = PBXFileReference; lastKnownFileType = sourcecode.swift; path = SearchViewModel.swift; sourceTree = "<group>"; };
		8E16B1CA2BC1316A0046D86E /* App.swift */ = {isa = PBXFileReference; lastKnownFileType = sourcecode.swift; path = App.swift; sourceTree = "<group>"; };
		8E16B1CD2BC1366A0046D86E /* DetailSearchView.swift */ = {isa = PBXFileReference; lastKnownFileType = sourcecode.swift; path = DetailSearchView.swift; sourceTree = "<group>"; };
		8E16B1CF2BC136730046D86E /* DetailSearchViewController.swift */ = {isa = PBXFileReference; lastKnownFileType = sourcecode.swift; path = DetailSearchViewController.swift; sourceTree = "<group>"; };
		8E16B1D12BC1367A0046D86E /* DetailSearchViewModel.swift */ = {isa = PBXFileReference; lastKnownFileType = sourcecode.swift; path = DetailSearchViewModel.swift; sourceTree = "<group>"; };
		8E16B1D62BC142280046D86E /* SearchAPIManager.swift */ = {isa = PBXFileReference; lastKnownFileType = sourcecode.swift; path = SearchAPIManager.swift; sourceTree = "<group>"; };
		8E16B1D82BC142EE0046D86E /* SearchAPI.swift */ = {isa = PBXFileReference; lastKnownFileType = sourcecode.swift; path = SearchAPI.swift; sourceTree = "<group>"; };
		8E16B1DA2BC158BC0046D86E /* SearchTableViewCell.swift */ = {isa = PBXFileReference; lastKnownFileType = sourcecode.swift; path = SearchTableViewCell.swift; sourceTree = "<group>"; };
		8E16B1E92BC2754A0046D86E /* CornerRadius.swift */ = {isa = PBXFileReference; lastKnownFileType = sourcecode.swift; path = CornerRadius.swift; sourceTree = "<group>"; };
		8E16B1EB2BC276480046D86E /* CornerRadiusImageView.swift */ = {isa = PBXFileReference; lastKnownFileType = sourcecode.swift; path = CornerRadiusImageView.swift; sourceTree = "<group>"; };
		8E16B1EE2BC279200046D86E /* Double+.swift */ = {isa = PBXFileReference; lastKnownFileType = sourcecode.swift; path = "Double+.swift"; sourceTree = "<group>"; };
		8E16B1F02BC29C260046D86E /* DetailSearchCollectionViewCell.swift */ = {isa = PBXFileReference; lastKnownFileType = sourcecode.swift; path = DetailSearchCollectionViewCell.swift; sourceTree = "<group>"; };
		8E16B1F22BC29C470046D86E /* BaseCollectionViewCell.swift */ = {isa = PBXFileReference; fileEncoding = 4; lastKnownFileType = sourcecode.swift; path = BaseCollectionViewCell.swift; sourceTree = "<group>"; };
		8E16B1F42BC2D82A0046D86E /* RecentTableViewCell.swift */ = {isa = PBXFileReference; lastKnownFileType = sourcecode.swift; path = RecentTableViewCell.swift; sourceTree = "<group>"; };
		8E16B1F72BC2D9F50046D86E /* UserDefaultsManager.swift */ = {isa = PBXFileReference; lastKnownFileType = sourcecode.swift; path = UserDefaultsManager.swift; sourceTree = "<group>"; };
		8E16B2142BC412890046D86E /* StorageApp.swift */ = {isa = PBXFileReference; lastKnownFileType = sourcecode.swift; path = StorageApp.swift; sourceTree = "<group>"; };
		8E16B2182BC4168B0046D86E /* AppInfoRepository.swift */ = {isa = PBXFileReference; lastKnownFileType = sourcecode.swift; path = AppInfoRepository.swift; sourceTree = "<group>"; };
		8E16B2252BC421820046D86E /* StorageView.swift */ = {isa = PBXFileReference; lastKnownFileType = sourcecode.swift; path = StorageView.swift; sourceTree = "<group>"; };
		8E16B2272BC421890046D86E /* StorageViewController.swift */ = {isa = PBXFileReference; lastKnownFileType = sourcecode.swift; path = StorageViewController.swift; sourceTree = "<group>"; };
		8E16B2292BC421900046D86E /* StorageViewModel.swift */ = {isa = PBXFileReference; lastKnownFileType = sourcecode.swift; path = StorageViewModel.swift; sourceTree = "<group>"; };
		8E16B22B2BC436320046D86E /* CustomTableView.swift */ = {isa = PBXFileReference; lastKnownFileType = sourcecode.swift; path = CustomTableView.swift; sourceTree = "<group>"; };
		8E16B22D2BC436990046D86E /* StorageTableViewCell.swift */ = {isa = PBXFileReference; lastKnownFileType = sourcecode.swift; path = StorageTableViewCell.swift; sourceTree = "<group>"; };
		8E16B22F2BC442250046D86E /* DateManager.swift */ = {isa = PBXFileReference; fileEncoding = 4; lastKnownFileType = sourcecode.swift; path = DateManager.swift; sourceTree = "<group>"; };
/* End PBXFileReference section */

/* Begin PBXFrameworksBuildPhase section */
		8E16B17A2BC11BEA0046D86E /* Frameworks */ = {
			isa = PBXFrameworksBuildPhase;
			buildActionMask = 2147483647;
			files = (
				8E16B1C22BC11FDC0046D86E /* Kingfisher in Frameworks */,
				8E16B1DE2BC17D6C0046D86E /* Alamofire in Frameworks */,
				8E16B1BB2BC11FCF0046D86E /* RxCocoa in Frameworks */,
				8E16B2232BC421190046D86E /* RealmSwift in Frameworks */,
				8E16B1B52BC11F9E0046D86E /* Then in Frameworks */,
				8E16B1BF2BC11FCF0046D86E /* RxSwift in Frameworks */,
				8E16B1BD2BC11FCF0046D86E /* RxRelay in Frameworks */,
				8E16B2212BC421190046D86E /* Realm in Frameworks */,
				8E16B1B82BC11FAB0046D86E /* SnapKit in Frameworks */,
			);
			runOnlyForDeploymentPostprocessing = 0;
		};
/* End PBXFrameworksBuildPhase section */

/* Begin PBXGroup section */
		8E16B1742BC11BEA0046D86E = {
			isa = PBXGroup;
			children = (
				8E16B17F2BC11BEA0046D86E /* iTunes */,
				8E16B17E2BC11BEA0046D86E /* Products */,
			);
			sourceTree = "<group>";
		};
		8E16B17E2BC11BEA0046D86E /* Products */ = {
			isa = PBXGroup;
			children = (
				8E16B17D2BC11BEA0046D86E /* iTunes.app */,
			);
			name = Products;
			sourceTree = "<group>";
		};
		8E16B17F2BC11BEA0046D86E /* iTunes */ = {
			isa = PBXGroup;
			children = (
				8E16B1AC2BC11C620046D86E /* Tabbar */,
				8E16B1AF2BC11DE80046D86E /* Scene */,
				8E16B1D52BC141F40046D86E /* Network */,
				8E16B2112BC412460046D86E /* Repository */,
				8E16B1C92BC1314A0046D86E /* Model */,
				8E16B1F62BC2D9E20046D86E /* Manager */,
				8E16B1A92BC11C5E0046D86E /* CustomView */,
				8E16B1982BC11C3B0046D86E /* Base */,
				8E16B1A12BC11C4B0046D86E /* Extension */,
				8E16B1A62BC11C520046D86E /* Protocol */,
				8E16B1802BC11BEA0046D86E /* AppDelegate.swift */,
				8E16B1822BC11BEA0046D86E /* SceneDelegate.swift */,
				8E16B1862BC11BEA0046D86E /* Main.storyboard */,
				8E16B1892BC11BEB0046D86E /* Assets.xcassets */,
				8E16B18B2BC11BEB0046D86E /* LaunchScreen.storyboard */,
				8E16B18E2BC11BEB0046D86E /* Info.plist */,
			);
			path = iTunes;
			sourceTree = "<group>";
		};
		8E16B1982BC11C3B0046D86E /* Base */ = {
			isa = PBXGroup;
			children = (
				8E16B1952BC11C3B0046D86E /* BaseView.swift */,
				8E16B1962BC11C3B0046D86E /* BaseViewController.swift */,
				8E16B1942BC11C3B0046D86E /* BaseTableViewCell.swift */,
				8E16B1F22BC29C470046D86E /* BaseCollectionViewCell.swift */,
			);
			path = Base;
			sourceTree = "<group>";
		};
		8E16B1A12BC11C4B0046D86E /* Extension */ = {
			isa = PBXGroup;
			children = (
				8E16B19D2BC11C4B0046D86E /* Identifier.swift */,
				8E16B19E2BC11C4B0046D86E /* UITextField+.swift */,
				8E16B19F2BC11C4B0046D86E /* UIViewController+.swift */,
				8E16B1E92BC2754A0046D86E /* CornerRadius.swift */,
				8E16B1EE2BC279200046D86E /* Double+.swift */,
			);
			path = Extension;
			sourceTree = "<group>";
		};
		8E16B1A62BC11C520046D86E /* Protocol */ = {
			isa = PBXGroup;
			children = (
				8E16B1972BC11C3B0046D86E /* CommonViewModel.swift */,
			);
			path = Protocol;
			sourceTree = "<group>";
		};
		8E16B1A92BC11C5E0046D86E /* CustomView */ = {
			isa = PBXGroup;
			children = (
				8E16B1EB2BC276480046D86E /* CornerRadiusImageView.swift */,
				8E16B22B2BC436320046D86E /* CustomTableView.swift */,
			);
			path = CustomView;
			sourceTree = "<group>";
		};
		8E16B1AC2BC11C620046D86E /* Tabbar */ = {
			isa = PBXGroup;
			children = (
				8E16B1AD2BC11CEA0046D86E /* TabBarController.swift */,
			);
			path = Tabbar;
			sourceTree = "<group>";
		};
		8E16B1AF2BC11DE80046D86E /* Scene */ = {
			isa = PBXGroup;
			children = (
				8E16B1B02BC11F640046D86E /* Search */,
				8E16B1CC2BC136560046D86E /* DetailSearch */,
				8E16B2242BC4216E0046D86E /* Storage */,
			);
			path = Scene;
			sourceTree = "<group>";
		};
		8E16B1B02BC11F640046D86E /* Search */ = {
			isa = PBXGroup;
			children = (
				8E16B1C32BC120470046D86E /* SearchView.swift */,
				8E16B1B12BC11F790046D86E /* SearchViewController.swift */,
				8E16B1C52BC120560046D86E /* SearchViewModel.swift */,
				8E16B1DA2BC158BC0046D86E /* SearchTableViewCell.swift */,
				8E16B1F42BC2D82A0046D86E /* RecentTableViewCell.swift */,
			);
			path = Search;
			sourceTree = "<group>";
		};
		8E16B1C92BC1314A0046D86E /* Model */ = {
			isa = PBXGroup;
			children = (
				8E16B2132BC4126C0046D86E /* Realm */,
				8E16B2122BC412640046D86E /* Network */,
			);
			path = Model;
			sourceTree = "<group>";
		};
		8E16B1CC2BC136560046D86E /* DetailSearch */ = {
			isa = PBXGroup;
			children = (
				8E16B1CD2BC1366A0046D86E /* DetailSearchView.swift */,
				8E16B1CF2BC136730046D86E /* DetailSearchViewController.swift */,
				8E16B1D12BC1367A0046D86E /* DetailSearchViewModel.swift */,
				8E16B1F02BC29C260046D86E /* DetailSearchCollectionViewCell.swift */,
			);
			path = DetailSearch;
			sourceTree = "<group>";
		};
		8E16B1D52BC141F40046D86E /* Network */ = {
			isa = PBXGroup;
			children = (
				8E16B1D82BC142EE0046D86E /* SearchAPI.swift */,
				8E16B1D62BC142280046D86E /* SearchAPIManager.swift */,
			);
			path = Network;
			sourceTree = "<group>";
		};
		8E16B1F62BC2D9E20046D86E /* Manager */ = {
			isa = PBXGroup;
			children = (
				8E16B22F2BC442250046D86E /* DateManager.swift */,
				8E16B1F72BC2D9F50046D86E /* UserDefaultsManager.swift */,
			);
			path = Manager;
			sourceTree = "<group>";
		};
		8E16B2112BC412460046D86E /* Repository */ = {
			isa = PBXGroup;
			children = (
				8E16B2182BC4168B0046D86E /* AppInfoRepository.swift */,
			);
			path = Repository;
			sourceTree = "<group>";
		};
		8E16B2122BC412640046D86E /* Network */ = {
			isa = PBXGroup;
			children = (
				8E16B1CA2BC1316A0046D86E /* App.swift */,
			);
			path = Network;
			sourceTree = "<group>";
		};
		8E16B2132BC4126C0046D86E /* Realm */ = {
			isa = PBXGroup;
			children = (
				8E16B2142BC412890046D86E /* StorageApp.swift */,
			);
			path = Realm;
			sourceTree = "<group>";
		};
		8E16B2242BC4216E0046D86E /* Storage */ = {
			isa = PBXGroup;
			children = (
				8E16B2252BC421820046D86E /* StorageView.swift */,
				8E16B2272BC421890046D86E /* StorageViewController.swift */,
				8E16B2292BC421900046D86E /* StorageViewModel.swift */,
				8E16B22D2BC436990046D86E /* StorageTableViewCell.swift */,
			);
			path = Storage;
			sourceTree = "<group>";
		};
/* End PBXGroup section */

/* Begin PBXNativeTarget section */
		8E16B17C2BC11BEA0046D86E /* iTunes */ = {
			isa = PBXNativeTarget;
			buildConfigurationList = 8E16B1912BC11BEB0046D86E /* Build configuration list for PBXNativeTarget "iTunes" */;
			buildPhases = (
				8E16B1792BC11BEA0046D86E /* Sources */,
				8E16B17A2BC11BEA0046D86E /* Frameworks */,
				8E16B17B2BC11BEA0046D86E /* Resources */,
			);
			buildRules = (
			);
			dependencies = (
			);
			name = iTunes;
			packageProductDependencies = (
				8E16B1B42BC11F9E0046D86E /* Then */,
				8E16B1B72BC11FAB0046D86E /* SnapKit */,
				8E16B1BA2BC11FCF0046D86E /* RxCocoa */,
				8E16B1BC2BC11FCF0046D86E /* RxRelay */,
				8E16B1BE2BC11FCF0046D86E /* RxSwift */,
				8E16B1C12BC11FDC0046D86E /* Kingfisher */,
				8E16B1DD2BC17D6C0046D86E /* Alamofire */,
				8E16B2202BC421190046D86E /* Realm */,
				8E16B2222BC421190046D86E /* RealmSwift */,
			);
			productName = iTunes;
			productReference = 8E16B17D2BC11BEA0046D86E /* iTunes.app */;
			productType = "com.apple.product-type.application";
		};
/* End PBXNativeTarget section */

/* Begin PBXProject section */
		8E16B1752BC11BEA0046D86E /* Project object */ = {
			isa = PBXProject;
			attributes = {
				BuildIndependentTargetsInParallel = 1;
				LastSwiftUpdateCheck = 1530;
				LastUpgradeCheck = 1530;
				TargetAttributes = {
					8E16B17C2BC11BEA0046D86E = {
						CreatedOnToolsVersion = 15.3;
					};
				};
			};
			buildConfigurationList = 8E16B1782BC11BEA0046D86E /* Build configuration list for PBXProject "iTunes" */;
			compatibilityVersion = "Xcode 15.3";
			developmentRegion = en;
			hasScannedForEncodings = 0;
			knownRegions = (
				en,
				Base,
			);
			mainGroup = 8E16B1742BC11BEA0046D86E;
			packageReferences = (
				8E16B1B32BC11F9E0046D86E /* XCRemoteSwiftPackageReference "Then" */,
				8E16B1B62BC11FAB0046D86E /* XCRemoteSwiftPackageReference "SnapKit" */,
				8E16B1B92BC11FCF0046D86E /* XCRemoteSwiftPackageReference "RxSwift" */,
				8E16B1C02BC11FDC0046D86E /* XCRemoteSwiftPackageReference "Kingfisher" */,
				8E16B1DC2BC17D6C0046D86E /* XCRemoteSwiftPackageReference "Alamofire" */,
				8E16B21F2BC421190046D86E /* XCRemoteSwiftPackageReference "realm-swift" */,
			);
			productRefGroup = 8E16B17E2BC11BEA0046D86E /* Products */;
			projectDirPath = "";
			projectRoot = "";
			targets = (
				8E16B17C2BC11BEA0046D86E /* iTunes */,
			);
		};
/* End PBXProject section */

/* Begin PBXResourcesBuildPhase section */
		8E16B17B2BC11BEA0046D86E /* Resources */ = {
			isa = PBXResourcesBuildPhase;
			buildActionMask = 2147483647;
			files = (
				8E16B18A2BC11BEB0046D86E /* Assets.xcassets in Resources */,
				8E16B18D2BC11BEB0046D86E /* Base in Resources */,
				8E16B1882BC11BEA0046D86E /* Base in Resources */,
			);
			runOnlyForDeploymentPostprocessing = 0;
		};
/* End PBXResourcesBuildPhase section */

/* Begin PBXSourcesBuildPhase section */
		8E16B1792BC11BEA0046D86E /* Sources */ = {
			isa = PBXSourcesBuildPhase;
			buildActionMask = 2147483647;
			files = (
				8E16B19B2BC11C3B0046D86E /* BaseViewController.swift in Sources */,
				8E16B1D72BC142280046D86E /* SearchAPIManager.swift in Sources */,
				8E16B2192BC4168B0046D86E /* AppInfoRepository.swift in Sources */,
				8E16B1EA2BC2754A0046D86E /* CornerRadius.swift in Sources */,
				8E16B1AE2BC11CEA0046D86E /* TabBarController.swift in Sources */,
				8E16B1D02BC136730046D86E /* DetailSearchViewController.swift in Sources */,
				8E16B2282BC421890046D86E /* StorageViewController.swift in Sources */,
				8E16B2262BC421820046D86E /* StorageView.swift in Sources */,
				8E16B22C2BC436320046D86E /* CustomTableView.swift in Sources */,
				8E16B1C62BC120560046D86E /* SearchViewModel.swift in Sources */,
				8E16B1812BC11BEA0046D86E /* AppDelegate.swift in Sources */,
				8E16B1DB2BC158BC0046D86E /* SearchTableViewCell.swift in Sources */,
				8E16B1CB2BC1316A0046D86E /* App.swift in Sources */,
				8E16B2152BC412890046D86E /* StorageApp.swift in Sources */,
				8E16B1EF2BC279200046D86E /* Double+.swift in Sources */,
				8E16B1CE2BC1366A0046D86E /* DetailSearchView.swift in Sources */,
				8E16B1992BC11C3B0046D86E /* BaseTableViewCell.swift in Sources */,
				8E16B1F52BC2D82A0046D86E /* RecentTableViewCell.swift in Sources */,
				8E16B1F82BC2D9F50046D86E /* UserDefaultsManager.swift in Sources */,
				8E16B22E2BC436990046D86E /* StorageTableViewCell.swift in Sources */,
				8E16B22A2BC421900046D86E /* StorageViewModel.swift in Sources */,
				8E16B2302BC442250046D86E /* DateManager.swift in Sources */,
				8E16B1D92BC142EE0046D86E /* SearchAPI.swift in Sources */,
				8E16B1A22BC11C4B0046D86E /* Identifier.swift in Sources */,
				8E16B1832BC11BEA0046D86E /* SceneDelegate.swift in Sources */,
				8E16B1F32BC29C470046D86E /* BaseCollectionViewCell.swift in Sources */,
				8E16B1B22BC11F790046D86E /* SearchViewController.swift in Sources */,
				8E16B1A42BC11C4B0046D86E /* UIViewController+.swift in Sources */,
				8E16B1D22BC1367A0046D86E /* DetailSearchViewModel.swift in Sources */,
				8E16B1EC2BC276480046D86E /* CornerRadiusImageView.swift in Sources */,
				8E16B1C42BC120470046D86E /* SearchView.swift in Sources */,
				8E16B19A2BC11C3B0046D86E /* BaseView.swift in Sources */,
				8E16B19C2BC11C3B0046D86E /* CommonViewModel.swift in Sources */,
				8E16B1A32BC11C4B0046D86E /* UITextField+.swift in Sources */,
				8E16B1F12BC29C260046D86E /* DetailSearchCollectionViewCell.swift in Sources */,
			);
			runOnlyForDeploymentPostprocessing = 0;
		};
/* End PBXSourcesBuildPhase section */

/* Begin PBXVariantGroup section */
		8E16B1862BC11BEA0046D86E /* Main.storyboard */ = {
			isa = PBXVariantGroup;
			children = (
				8E16B1872BC11BEA0046D86E /* Base */,
			);
			name = Main.storyboard;
			sourceTree = "<group>";
		};
		8E16B18B2BC11BEB0046D86E /* LaunchScreen.storyboard */ = {
			isa = PBXVariantGroup;
			children = (
				8E16B18C2BC11BEB0046D86E /* Base */,
			);
			name = LaunchScreen.storyboard;
			sourceTree = "<group>";
		};
/* End PBXVariantGroup section */

/* Begin XCBuildConfiguration section */
		8E16B18F2BC11BEB0046D86E /* Debug */ = {
			isa = XCBuildConfiguration;
			buildSettings = {
				ALWAYS_SEARCH_USER_PATHS = NO;
				ASSETCATALOG_COMPILER_GENERATE_SWIFT_ASSET_SYMBOL_EXTENSIONS = YES;
				CLANG_ANALYZER_NONNULL = YES;
				CLANG_ANALYZER_NUMBER_OBJECT_CONVERSION = YES_AGGRESSIVE;
				CLANG_CXX_LANGUAGE_STANDARD = "gnu++20";
				CLANG_ENABLE_MODULES = YES;
				CLANG_ENABLE_OBJC_ARC = YES;
				CLANG_ENABLE_OBJC_WEAK = YES;
				CLANG_WARN_BLOCK_CAPTURE_AUTORELEASING = YES;
				CLANG_WARN_BOOL_CONVERSION = YES;
				CLANG_WARN_COMMA = YES;
				CLANG_WARN_CONSTANT_CONVERSION = YES;
				CLANG_WARN_DEPRECATED_OBJC_IMPLEMENTATIONS = YES;
				CLANG_WARN_DIRECT_OBJC_ISA_USAGE = YES_ERROR;
				CLANG_WARN_DOCUMENTATION_COMMENTS = YES;
				CLANG_WARN_EMPTY_BODY = YES;
				CLANG_WARN_ENUM_CONVERSION = YES;
				CLANG_WARN_INFINITE_RECURSION = YES;
				CLANG_WARN_INT_CONVERSION = YES;
				CLANG_WARN_NON_LITERAL_NULL_CONVERSION = YES;
				CLANG_WARN_OBJC_IMPLICIT_RETAIN_SELF = YES;
				CLANG_WARN_OBJC_LITERAL_CONVERSION = YES;
				CLANG_WARN_OBJC_ROOT_CLASS = YES_ERROR;
				CLANG_WARN_QUOTED_INCLUDE_IN_FRAMEWORK_HEADER = YES;
				CLANG_WARN_RANGE_LOOP_ANALYSIS = YES;
				CLANG_WARN_STRICT_PROTOTYPES = YES;
				CLANG_WARN_SUSPICIOUS_MOVE = YES;
				CLANG_WARN_UNGUARDED_AVAILABILITY = YES_AGGRESSIVE;
				CLANG_WARN_UNREACHABLE_CODE = YES;
				CLANG_WARN__DUPLICATE_METHOD_MATCH = YES;
				COPY_PHASE_STRIP = NO;
				DEBUG_INFORMATION_FORMAT = dwarf;
				ENABLE_STRICT_OBJC_MSGSEND = YES;
				ENABLE_TESTABILITY = YES;
				ENABLE_USER_SCRIPT_SANDBOXING = YES;
				GCC_C_LANGUAGE_STANDARD = gnu17;
				GCC_DYNAMIC_NO_PIC = NO;
				GCC_NO_COMMON_BLOCKS = YES;
				GCC_OPTIMIZATION_LEVEL = 0;
				GCC_PREPROCESSOR_DEFINITIONS = (
					"DEBUG=1",
					"$(inherited)",
				);
				GCC_WARN_64_TO_32_BIT_CONVERSION = YES;
				GCC_WARN_ABOUT_RETURN_TYPE = YES_ERROR;
				GCC_WARN_UNDECLARED_SELECTOR = YES;
				GCC_WARN_UNINITIALIZED_AUTOS = YES_AGGRESSIVE;
				GCC_WARN_UNUSED_FUNCTION = YES;
				GCC_WARN_UNUSED_VARIABLE = YES;
				IPHONEOS_DEPLOYMENT_TARGET = 17.4;
				LOCALIZATION_PREFERS_STRING_CATALOGS = YES;
				MTL_ENABLE_DEBUG_INFO = INCLUDE_SOURCE;
				MTL_FAST_MATH = YES;
				ONLY_ACTIVE_ARCH = YES;
				SDKROOT = iphoneos;
				SWIFT_ACTIVE_COMPILATION_CONDITIONS = "DEBUG $(inherited)";
				SWIFT_OPTIMIZATION_LEVEL = "-Onone";
			};
			name = Debug;
		};
		8E16B1902BC11BEB0046D86E /* Release */ = {
			isa = XCBuildConfiguration;
			buildSettings = {
				ALWAYS_SEARCH_USER_PATHS = NO;
				ASSETCATALOG_COMPILER_GENERATE_SWIFT_ASSET_SYMBOL_EXTENSIONS = YES;
				CLANG_ANALYZER_NONNULL = YES;
				CLANG_ANALYZER_NUMBER_OBJECT_CONVERSION = YES_AGGRESSIVE;
				CLANG_CXX_LANGUAGE_STANDARD = "gnu++20";
				CLANG_ENABLE_MODULES = YES;
				CLANG_ENABLE_OBJC_ARC = YES;
				CLANG_ENABLE_OBJC_WEAK = YES;
				CLANG_WARN_BLOCK_CAPTURE_AUTORELEASING = YES;
				CLANG_WARN_BOOL_CONVERSION = YES;
				CLANG_WARN_COMMA = YES;
				CLANG_WARN_CONSTANT_CONVERSION = YES;
				CLANG_WARN_DEPRECATED_OBJC_IMPLEMENTATIONS = YES;
				CLANG_WARN_DIRECT_OBJC_ISA_USAGE = YES_ERROR;
				CLANG_WARN_DOCUMENTATION_COMMENTS = YES;
				CLANG_WARN_EMPTY_BODY = YES;
				CLANG_WARN_ENUM_CONVERSION = YES;
				CLANG_WARN_INFINITE_RECURSION = YES;
				CLANG_WARN_INT_CONVERSION = YES;
				CLANG_WARN_NON_LITERAL_NULL_CONVERSION = YES;
				CLANG_WARN_OBJC_IMPLICIT_RETAIN_SELF = YES;
				CLANG_WARN_OBJC_LITERAL_CONVERSION = YES;
				CLANG_WARN_OBJC_ROOT_CLASS = YES_ERROR;
				CLANG_WARN_QUOTED_INCLUDE_IN_FRAMEWORK_HEADER = YES;
				CLANG_WARN_RANGE_LOOP_ANALYSIS = YES;
				CLANG_WARN_STRICT_PROTOTYPES = YES;
				CLANG_WARN_SUSPICIOUS_MOVE = YES;
				CLANG_WARN_UNGUARDED_AVAILABILITY = YES_AGGRESSIVE;
				CLANG_WARN_UNREACHABLE_CODE = YES;
				CLANG_WARN__DUPLICATE_METHOD_MATCH = YES;
				COPY_PHASE_STRIP = NO;
				DEBUG_INFORMATION_FORMAT = "dwarf-with-dsym";
				ENABLE_NS_ASSERTIONS = NO;
				ENABLE_STRICT_OBJC_MSGSEND = YES;
				ENABLE_USER_SCRIPT_SANDBOXING = YES;
				GCC_C_LANGUAGE_STANDARD = gnu17;
				GCC_NO_COMMON_BLOCKS = YES;
				GCC_WARN_64_TO_32_BIT_CONVERSION = YES;
				GCC_WARN_ABOUT_RETURN_TYPE = YES_ERROR;
				GCC_WARN_UNDECLARED_SELECTOR = YES;
				GCC_WARN_UNINITIALIZED_AUTOS = YES_AGGRESSIVE;
				GCC_WARN_UNUSED_FUNCTION = YES;
				GCC_WARN_UNUSED_VARIABLE = YES;
				IPHONEOS_DEPLOYMENT_TARGET = 17.4;
				LOCALIZATION_PREFERS_STRING_CATALOGS = YES;
				MTL_ENABLE_DEBUG_INFO = NO;
				MTL_FAST_MATH = YES;
				SDKROOT = iphoneos;
				SWIFT_COMPILATION_MODE = wholemodule;
				VALIDATE_PRODUCT = YES;
			};
			name = Release;
		};
		8E16B1922BC11BEB0046D86E /* Debug */ = {
			isa = XCBuildConfiguration;
			buildSettings = {
				ASSETCATALOG_COMPILER_APPICON_NAME = AppIcon;
				ASSETCATALOG_COMPILER_GLOBAL_ACCENT_COLOR_NAME = AccentColor;
				CODE_SIGN_STYLE = Automatic;
				CURRENT_PROJECT_VERSION = 1;
				DEVELOPMENT_TEAM = N63SBJ4UPF;
				GENERATE_INFOPLIST_FILE = YES;
				INFOPLIST_FILE = iTunes/Info.plist;
				INFOPLIST_KEY_UIApplicationSupportsIndirectInputEvents = YES;
				INFOPLIST_KEY_UILaunchStoryboardName = LaunchScreen;
				INFOPLIST_KEY_UIMainStoryboardFile = Main;
				INFOPLIST_KEY_UISupportedInterfaceOrientations = UIInterfaceOrientationPortrait;
				INFOPLIST_KEY_UISupportedInterfaceOrientations_iPad = "UIInterfaceOrientationLandscapeLeft UIInterfaceOrientationLandscapeRight UIInterfaceOrientationPortrait UIInterfaceOrientationPortraitUpsideDown";
				LD_RUNPATH_SEARCH_PATHS = (
					"$(inherited)",
					"@executable_path/Frameworks",
				);
				MARKETING_VERSION = 1.0;
				PRODUCT_BUNDLE_IDENTIFIER = com.youngjoo.iTunes;
				PRODUCT_NAME = "$(TARGET_NAME)";
				SUPPORTED_PLATFORMS = "iphoneos iphonesimulator";
				SUPPORTS_MACCATALYST = NO;
				SUPPORTS_MAC_DESIGNED_FOR_IPHONE_IPAD = NO;
				SUPPORTS_XR_DESIGNED_FOR_IPHONE_IPAD = NO;
				SWIFT_EMIT_LOC_STRINGS = YES;
				SWIFT_VERSION = 5.0;
				TARGETED_DEVICE_FAMILY = 1;
			};
			name = Debug;
		};
		8E16B1932BC11BEB0046D86E /* Release */ = {
			isa = XCBuildConfiguration;
			buildSettings = {
				ASSETCATALOG_COMPILER_APPICON_NAME = AppIcon;
				ASSETCATALOG_COMPILER_GLOBAL_ACCENT_COLOR_NAME = AccentColor;
				CODE_SIGN_STYLE = Automatic;
				CURRENT_PROJECT_VERSION = 1;
				DEVELOPMENT_TEAM = N63SBJ4UPF;
				GENERATE_INFOPLIST_FILE = YES;
				INFOPLIST_FILE = iTunes/Info.plist;
				INFOPLIST_KEY_UIApplicationSupportsIndirectInputEvents = YES;
				INFOPLIST_KEY_UILaunchStoryboardName = LaunchScreen;
				INFOPLIST_KEY_UIMainStoryboardFile = Main;
				INFOPLIST_KEY_UISupportedInterfaceOrientations = UIInterfaceOrientationPortrait;
				INFOPLIST_KEY_UISupportedInterfaceOrientations_iPad = "UIInterfaceOrientationLandscapeLeft UIInterfaceOrientationLandscapeRight UIInterfaceOrientationPortrait UIInterfaceOrientationPortraitUpsideDown";
				LD_RUNPATH_SEARCH_PATHS = (
					"$(inherited)",
					"@executable_path/Frameworks",
				);
				MARKETING_VERSION = 1.0;
				PRODUCT_BUNDLE_IDENTIFIER = com.youngjoo.iTunes;
				PRODUCT_NAME = "$(TARGET_NAME)";
				SUPPORTED_PLATFORMS = "iphoneos iphonesimulator";
				SUPPORTS_MACCATALYST = NO;
				SUPPORTS_MAC_DESIGNED_FOR_IPHONE_IPAD = NO;
				SUPPORTS_XR_DESIGNED_FOR_IPHONE_IPAD = NO;
				SWIFT_EMIT_LOC_STRINGS = YES;
				SWIFT_VERSION = 5.0;
				TARGETED_DEVICE_FAMILY = 1;
			};
			name = Release;
		};
/* End XCBuildConfiguration section */

/* Begin XCConfigurationList section */
		8E16B1782BC11BEA0046D86E /* Build configuration list for PBXProject "iTunes" */ = {
			isa = XCConfigurationList;
			buildConfigurations = (
				8E16B18F2BC11BEB0046D86E /* Debug */,
				8E16B1902BC11BEB0046D86E /* Release */,
			);
			defaultConfigurationIsVisible = 0;
			defaultConfigurationName = Release;
		};
		8E16B1912BC11BEB0046D86E /* Build configuration list for PBXNativeTarget "iTunes" */ = {
			isa = XCConfigurationList;
			buildConfigurations = (
				8E16B1922BC11BEB0046D86E /* Debug */,
				8E16B1932BC11BEB0046D86E /* Release */,
			);
			defaultConfigurationIsVisible = 0;
			defaultConfigurationName = Release;
		};
/* End XCConfigurationList section */

/* Begin XCRemoteSwiftPackageReference section */
		8E16B1B32BC11F9E0046D86E /* XCRemoteSwiftPackageReference "Then" */ = {
			isa = XCRemoteSwiftPackageReference;
			repositoryURL = "https://github.com/devxoul/Then.git";
			requirement = {
				kind = upToNextMajorVersion;
				minimumVersion = 3.0.0;
			};
		};
		8E16B1B62BC11FAB0046D86E /* XCRemoteSwiftPackageReference "SnapKit" */ = {
			isa = XCRemoteSwiftPackageReference;
			repositoryURL = "https://github.com/SnapKit/SnapKit.git";
			requirement = {
				kind = upToNextMajorVersion;
				minimumVersion = 5.7.1;
			};
		};
		8E16B1B92BC11FCF0046D86E /* XCRemoteSwiftPackageReference "RxSwift" */ = {
			isa = XCRemoteSwiftPackageReference;
			repositoryURL = "https://github.com/ReactiveX/RxSwift";
			requirement = {
				kind = upToNextMajorVersion;
				minimumVersion = 6.6.0;
			};
		};
		8E16B1C02BC11FDC0046D86E /* XCRemoteSwiftPackageReference "Kingfisher" */ = {
			isa = XCRemoteSwiftPackageReference;
			repositoryURL = "https://github.com/onevcat/Kingfisher.git";
			requirement = {
				kind = upToNextMajorVersion;
				minimumVersion = 7.11.0;
			};
		};
		8E16B1DC2BC17D6C0046D86E /* XCRemoteSwiftPackageReference "Alamofire" */ = {
			isa = XCRemoteSwiftPackageReference;
			repositoryURL = "https://github.com/Alamofire/Alamofire.git";
			requirement = {
				kind = upToNextMajorVersion;
				minimumVersion = 5.9.1;
			};
		};
		8E16B21F2BC421190046D86E /* XCRemoteSwiftPackageReference "realm-swift" */ = {
			isa = XCRemoteSwiftPackageReference;
			repositoryURL = "https://github.com/realm/realm-swift.git";
			requirement = {
				kind = upToNextMajorVersion;
				minimumVersion = 10.49.0;
			};
		};
/* End XCRemoteSwiftPackageReference section */

/* Begin XCSwiftPackageProductDependency section */
		8E16B1B42BC11F9E0046D86E /* Then */ = {
			isa = XCSwiftPackageProductDependency;
			package = 8E16B1B32BC11F9E0046D86E /* XCRemoteSwiftPackageReference "Then" */;
			productName = Then;
		};
		8E16B1B72BC11FAB0046D86E /* SnapKit */ = {
			isa = XCSwiftPackageProductDependency;
			package = 8E16B1B62BC11FAB0046D86E /* XCRemoteSwiftPackageReference "SnapKit" */;
			productName = SnapKit;
		};
		8E16B1BA2BC11FCF0046D86E /* RxCocoa */ = {
			isa = XCSwiftPackageProductDependency;
			package = 8E16B1B92BC11FCF0046D86E /* XCRemoteSwiftPackageReference "RxSwift" */;
			productName = RxCocoa;
		};
		8E16B1BC2BC11FCF0046D86E /* RxRelay */ = {
			isa = XCSwiftPackageProductDependency;
			package = 8E16B1B92BC11FCF0046D86E /* XCRemoteSwiftPackageReference "RxSwift" */;
			productName = RxRelay;
		};
		8E16B1BE2BC11FCF0046D86E /* RxSwift */ = {
			isa = XCSwiftPackageProductDependency;
			package = 8E16B1B92BC11FCF0046D86E /* XCRemoteSwiftPackageReference "RxSwift" */;
			productName = RxSwift;
		};
		8E16B1C12BC11FDC0046D86E /* Kingfisher */ = {
			isa = XCSwiftPackageProductDependency;
			package = 8E16B1C02BC11FDC0046D86E /* XCRemoteSwiftPackageReference "Kingfisher" */;
			productName = Kingfisher;
		};
		8E16B1DD2BC17D6C0046D86E /* Alamofire */ = {
			isa = XCSwiftPackageProductDependency;
			package = 8E16B1DC2BC17D6C0046D86E /* XCRemoteSwiftPackageReference "Alamofire" */;
			productName = Alamofire;
		};
		8E16B2202BC421190046D86E /* Realm */ = {
			isa = XCSwiftPackageProductDependency;
			package = 8E16B21F2BC421190046D86E /* XCRemoteSwiftPackageReference "realm-swift" */;
			productName = Realm;
		};
		8E16B2222BC421190046D86E /* RealmSwift */ = {
			isa = XCSwiftPackageProductDependency;
			package = 8E16B21F2BC421190046D86E /* XCRemoteSwiftPackageReference "realm-swift" */;
			productName = RealmSwift;
		};
/* End XCSwiftPackageProductDependency section */
	};
	rootObject = 8E16B1752BC11BEA0046D86E /* Project object */;
}
